// !$*UTF8*$!
{
	archiveVersion = 1;
	classes = {
	};
	objectVersion = 55;
	objects = {

/* Begin PBXBuildFile section */
		C0A8926527B8D0B800C60B37 /* AppDelegate.swift in Sources */ = {isa = PBXBuildFile; fileRef = C0A8926427B8D0B800C60B37 /* AppDelegate.swift */; };
		C0A8926727B8D0B800C60B37 /* SceneDelegate.swift in Sources */ = {isa = PBXBuildFile; fileRef = C0A8926627B8D0B800C60B37 /* SceneDelegate.swift */; };
		C0A8926E27B8D0BB00C60B37 /* Assets.xcassets in Resources */ = {isa = PBXBuildFile; fileRef = C0A8926D27B8D0BB00C60B37 /* Assets.xcassets */; };
		C0A8927127B8D0BB00C60B37 /* LaunchScreen.storyboard in Resources */ = {isa = PBXBuildFile; fileRef = C0A8926F27B8D0BB00C60B37 /* LaunchScreen.storyboard */; };
		C0A8927C27B8D0BB00C60B37 /* HouseWorkRaceTests.swift in Sources */ = {isa = PBXBuildFile; fileRef = C0A8927B27B8D0BB00C60B37 /* HouseWorkRaceTests.swift */; };
		C0A8928627B8D0BB00C60B37 /* HouseWorkRaceUITests.swift in Sources */ = {isa = PBXBuildFile; fileRef = C0A8928527B8D0BB00C60B37 /* HouseWorkRaceUITests.swift */; };
		C0A8928827B8D0BB00C60B37 /* HouseWorkRaceUITestsLaunchTests.swift in Sources */ = {isa = PBXBuildFile; fileRef = C0A8928727B8D0BB00C60B37 /* HouseWorkRaceUITestsLaunchTests.swift */; };
		C0A8929E27B8D2D300C60B37 /* Constant.swift in Sources */ = {isa = PBXBuildFile; fileRef = C0A8929527B8D2D300C60B37 /* Constant.swift */; };
		C0A8929F27B8D2D300C60B37 /* Secret.swift in Sources */ = {isa = PBXBuildFile; fileRef = C0A8929727B8D2D300C60B37 /* Secret.swift */; };
		C0A892A027B8D2D300C60B37 /* NotoSansCJKkr-Medium.otf in Resources */ = {isa = PBXBuildFile; fileRef = C0A8929927B8D2D300C60B37 /* NotoSansCJKkr-Medium.otf */; };
		C0A892A127B8D2D300C60B37 /* NotoSansCJKkr-Regular.otf in Resources */ = {isa = PBXBuildFile; fileRef = C0A8929A27B8D2D300C60B37 /* NotoSansCJKkr-Regular.otf */; };
		C0A892A227B8D2D300C60B37 /* NotoSansCJKkr-Bold.otf in Resources */ = {isa = PBXBuildFile; fileRef = C0A8929B27B8D2D300C60B37 /* NotoSansCJKkr-Bold.otf */; };
		C0A892A327B8D2D300C60B37 /* BaseViewController.swift in Sources */ = {isa = PBXBuildFile; fileRef = C0A8929D27B8D2D300C60B37 /* BaseViewController.swift */; };
		C0A892AA27B8D3E000C60B37 /* Alamofire in Frameworks */ = {isa = PBXBuildFile; productRef = C0A892A927B8D3E000C60B37 /* Alamofire */; };
		C0A892AD27B8DFFB00C60B37 /* Tabman in Frameworks */ = {isa = PBXBuildFile; productRef = C0A892AC27B8DFFB00C60B37 /* Tabman */; };
		C0A892CB27B8E0C200C60B37 /* Root.storyboard in Resources */ = {isa = PBXBuildFile; fileRef = C0A892AE27B8E0C100C60B37 /* Root.storyboard */; };
		C0A892CC27B8E0C200C60B37 /* Messages.storyboard in Resources */ = {isa = PBXBuildFile; fileRef = C0A892B127B8E0C100C60B37 /* Messages.storyboard */; };
		C0A892CD27B8E0C200C60B37 /* MessagesFeedViewController.swift in Sources */ = {isa = PBXBuildFile; fileRef = C0A892B227B8E0C100C60B37 /* MessagesFeedViewController.swift */; };
		C0A892CE27B8E0C200C60B37 /* MessagesViewController.swift in Sources */ = {isa = PBXBuildFile; fileRef = C0A892B327B8E0C100C60B37 /* MessagesViewController.swift */; };
		C0A892CF27B8E0C200C60B37 /* MessagesTabViewController.swift in Sources */ = {isa = PBXBuildFile; fileRef = C0A892B427B8E0C100C60B37 /* MessagesTabViewController.swift */; };
		C0A892D027B8E0C200C60B37 /* MessagesFeedCell.swift in Sources */ = {isa = PBXBuildFile; fileRef = C0A892B627B8E0C100C60B37 /* MessagesFeedCell.swift */; };
		C0A892D127B8E0C200C60B37 /* MessagesFeedCell.xib in Resources */ = {isa = PBXBuildFile; fileRef = C0A892B727B8E0C100C60B37 /* MessagesFeedCell.xib */; };
		C0A892D227B8E0C200C60B37 /* MessagesMessageCell.swift in Sources */ = {isa = PBXBuildFile; fileRef = C0A892B827B8E0C100C60B37 /* MessagesMessageCell.swift */; };
		C0A892D327B8E0C200C60B37 /* MessagesMessageCell.xib in Resources */ = {isa = PBXBuildFile; fileRef = C0A892B927B8E0C100C60B37 /* MessagesMessageCell.xib */; };
		C0A892D427B8E0C200C60B37 /* HomeViewController.swift in Sources */ = {isa = PBXBuildFile; fileRef = C0A892BB27B8E0C100C60B37 /* HomeViewController.swift */; };
		C0A892D527B8E0C200C60B37 /* Home.storyboard in Resources */ = {isa = PBXBuildFile; fileRef = C0A892BC27B8E0C100C60B37 /* Home.storyboard */; };
		C0A892D627B8E0C200C60B37 /* Rank.storyboard in Resources */ = {isa = PBXBuildFile; fileRef = C0A892BE27B8E0C100C60B37 /* Rank.storyboard */; };
		C0A892D727B8E0C200C60B37 /* RankViewController.swift in Sources */ = {isa = PBXBuildFile; fileRef = C0A892BF27B8E0C100C60B37 /* RankViewController.swift */; };
		C0A892D827B8E0C200C60B37 /* RootTabViewController.swift in Sources */ = {isa = PBXBuildFile; fileRef = C0A892C027B8E0C100C60B37 /* RootTabViewController.swift */; };
		C0A892D927B8E0C200C60B37 /* MessagesBar.swift in Sources */ = {isa = PBXBuildFile; fileRef = C0A892C327B8E0C200C60B37 /* MessagesBar.swift */; };
		C0A892DA27B8E0C200C60B37 /* MainBarLayout.swift in Sources */ = {isa = PBXBuildFile; fileRef = C0A892C527B8E0C200C60B37 /* MainBarLayout.swift */; };
		C0A892DB27B8E0C200C60B37 /* MainBarButtonContainer.swift in Sources */ = {isa = PBXBuildFile; fileRef = C0A892C627B8E0C200C60B37 /* MainBarButtonContainer.swift */; };
		C0A892DC27B8E0C200C60B37 /* MainBarButton.swift in Sources */ = {isa = PBXBuildFile; fileRef = C0A892C727B8E0C200C60B37 /* MainBarButton.swift */; };
		C0A892DD27B8E0C200C60B37 /* MainBar.swift in Sources */ = {isa = PBXBuildFile; fileRef = C0A892C827B8E0C200C60B37 /* MainBar.swift */; };
		C0A892DE27B8E0C200C60B37 /* UIColor+Interpolation.swift in Sources */ = {isa = PBXBuildFile; fileRef = C0A892CA27B8E0C200C60B37 /* UIColor+Interpolation.swift */; };
		C0A892E027B8E0D300C60B37 /* MainColors.swift in Sources */ = {isa = PBXBuildFile; fileRef = C0A892DF27B8E0D300C60B37 /* MainColors.swift */; };
		C0ED7AD927BA2C210055BD71 /* HomeTableViewCell.swift in Sources */ = {isa = PBXBuildFile; fileRef = C0ED7AD827BA2C210055BD71 /* HomeTableViewCell.swift */; };
		C0ED7ADD27BA2CB60055BD71 /* TaskViewModel.swift in Sources */ = {isa = PBXBuildFile; fileRef = C0ED7ADC27BA2CB60055BD71 /* TaskViewModel.swift */; };
/* End PBXBuildFile section */

/* Begin PBXContainerItemProxy section */
		C0A8927827B8D0BB00C60B37 /* PBXContainerItemProxy */ = {
			isa = PBXContainerItemProxy;
			containerPortal = C0A8925927B8D0B800C60B37 /* Project object */;
			proxyType = 1;
			remoteGlobalIDString = C0A8926027B8D0B800C60B37;
			remoteInfo = HouseWorkRace;
		};
		C0A8928227B8D0BB00C60B37 /* PBXContainerItemProxy */ = {
			isa = PBXContainerItemProxy;
			containerPortal = C0A8925927B8D0B800C60B37 /* Project object */;
			proxyType = 1;
			remoteGlobalIDString = C0A8926027B8D0B800C60B37;
			remoteInfo = HouseWorkRace;
		};
/* End PBXContainerItemProxy section */

/* Begin PBXFileReference section */
		C0A8926127B8D0B800C60B37 /* HouseWorkRace.app */ = {isa = PBXFileReference; explicitFileType = wrapper.application; includeInIndex = 0; path = HouseWorkRace.app; sourceTree = BUILT_PRODUCTS_DIR; };
		C0A8926427B8D0B800C60B37 /* AppDelegate.swift */ = {isa = PBXFileReference; lastKnownFileType = sourcecode.swift; path = AppDelegate.swift; sourceTree = "<group>"; };
		C0A8926627B8D0B800C60B37 /* SceneDelegate.swift */ = {isa = PBXFileReference; lastKnownFileType = sourcecode.swift; path = SceneDelegate.swift; sourceTree = "<group>"; };
		C0A8926D27B8D0BB00C60B37 /* Assets.xcassets */ = {isa = PBXFileReference; lastKnownFileType = folder.assetcatalog; path = Assets.xcassets; sourceTree = "<group>"; };
		C0A8927027B8D0BB00C60B37 /* Base */ = {isa = PBXFileReference; lastKnownFileType = file.storyboard; name = Base; path = Base.lproj/LaunchScreen.storyboard; sourceTree = "<group>"; };
		C0A8927227B8D0BB00C60B37 /* Info.plist */ = {isa = PBXFileReference; lastKnownFileType = text.plist.xml; path = Info.plist; sourceTree = "<group>"; };
		C0A8927727B8D0BB00C60B37 /* HouseWorkRaceTests.xctest */ = {isa = PBXFileReference; explicitFileType = wrapper.cfbundle; includeInIndex = 0; path = HouseWorkRaceTests.xctest; sourceTree = BUILT_PRODUCTS_DIR; };
		C0A8927B27B8D0BB00C60B37 /* HouseWorkRaceTests.swift */ = {isa = PBXFileReference; lastKnownFileType = sourcecode.swift; path = HouseWorkRaceTests.swift; sourceTree = "<group>"; };
		C0A8928127B8D0BB00C60B37 /* HouseWorkRaceUITests.xctest */ = {isa = PBXFileReference; explicitFileType = wrapper.cfbundle; includeInIndex = 0; path = HouseWorkRaceUITests.xctest; sourceTree = BUILT_PRODUCTS_DIR; };
		C0A8928527B8D0BB00C60B37 /* HouseWorkRaceUITests.swift */ = {isa = PBXFileReference; lastKnownFileType = sourcecode.swift; path = HouseWorkRaceUITests.swift; sourceTree = "<group>"; };
		C0A8928727B8D0BB00C60B37 /* HouseWorkRaceUITestsLaunchTests.swift */ = {isa = PBXFileReference; lastKnownFileType = sourcecode.swift; path = HouseWorkRaceUITestsLaunchTests.swift; sourceTree = "<group>"; };
		C0A8929527B8D2D300C60B37 /* Constant.swift */ = {isa = PBXFileReference; fileEncoding = 4; lastKnownFileType = sourcecode.swift; path = Constant.swift; sourceTree = "<group>"; };
		C0A8929727B8D2D300C60B37 /* Secret.swift */ = {isa = PBXFileReference; fileEncoding = 4; lastKnownFileType = sourcecode.swift; path = Secret.swift; sourceTree = "<group>"; };
		C0A8929927B8D2D300C60B37 /* NotoSansCJKkr-Medium.otf */ = {isa = PBXFileReference; lastKnownFileType = file; path = "NotoSansCJKkr-Medium.otf"; sourceTree = "<group>"; };
		C0A8929A27B8D2D300C60B37 /* NotoSansCJKkr-Regular.otf */ = {isa = PBXFileReference; lastKnownFileType = file; path = "NotoSansCJKkr-Regular.otf"; sourceTree = "<group>"; };
		C0A8929B27B8D2D300C60B37 /* NotoSansCJKkr-Bold.otf */ = {isa = PBXFileReference; lastKnownFileType = file; path = "NotoSansCJKkr-Bold.otf"; sourceTree = "<group>"; };
		C0A8929D27B8D2D300C60B37 /* BaseViewController.swift */ = {isa = PBXFileReference; fileEncoding = 4; lastKnownFileType = sourcecode.swift; path = BaseViewController.swift; sourceTree = "<group>"; };
		C0A892AE27B8E0C100C60B37 /* Root.storyboard */ = {isa = PBXFileReference; fileEncoding = 4; lastKnownFileType = file.storyboard; path = Root.storyboard; sourceTree = "<group>"; };
		C0A892B127B8E0C100C60B37 /* Messages.storyboard */ = {isa = PBXFileReference; fileEncoding = 4; lastKnownFileType = file.storyboard; path = Messages.storyboard; sourceTree = "<group>"; };
		C0A892B227B8E0C100C60B37 /* MessagesFeedViewController.swift */ = {isa = PBXFileReference; fileEncoding = 4; lastKnownFileType = sourcecode.swift; path = MessagesFeedViewController.swift; sourceTree = "<group>"; };
		C0A892B327B8E0C100C60B37 /* MessagesViewController.swift */ = {isa = PBXFileReference; fileEncoding = 4; lastKnownFileType = sourcecode.swift; path = MessagesViewController.swift; sourceTree = "<group>"; };
		C0A892B427B8E0C100C60B37 /* MessagesTabViewController.swift */ = {isa = PBXFileReference; fileEncoding = 4; lastKnownFileType = sourcecode.swift; path = MessagesTabViewController.swift; sourceTree = "<group>"; };
		C0A892B627B8E0C100C60B37 /* MessagesFeedCell.swift */ = {isa = PBXFileReference; fileEncoding = 4; lastKnownFileType = sourcecode.swift; path = MessagesFeedCell.swift; sourceTree = "<group>"; };
		C0A892B727B8E0C100C60B37 /* MessagesFeedCell.xib */ = {isa = PBXFileReference; fileEncoding = 4; lastKnownFileType = file.xib; path = MessagesFeedCell.xib; sourceTree = "<group>"; };
		C0A892B827B8E0C100C60B37 /* MessagesMessageCell.swift */ = {isa = PBXFileReference; fileEncoding = 4; lastKnownFileType = sourcecode.swift; path = MessagesMessageCell.swift; sourceTree = "<group>"; };
		C0A892B927B8E0C100C60B37 /* MessagesMessageCell.xib */ = {isa = PBXFileReference; fileEncoding = 4; lastKnownFileType = file.xib; path = MessagesMessageCell.xib; sourceTree = "<group>"; };
		C0A892BB27B8E0C100C60B37 /* HomeViewController.swift */ = {isa = PBXFileReference; fileEncoding = 4; lastKnownFileType = sourcecode.swift; path = HomeViewController.swift; sourceTree = "<group>"; };
		C0A892BC27B8E0C100C60B37 /* Home.storyboard */ = {isa = PBXFileReference; fileEncoding = 4; lastKnownFileType = file.storyboard; path = Home.storyboard; sourceTree = "<group>"; };
		C0A892BE27B8E0C100C60B37 /* Rank.storyboard */ = {isa = PBXFileReference; fileEncoding = 4; lastKnownFileType = file.storyboard; path = Rank.storyboard; sourceTree = "<group>"; };
		C0A892BF27B8E0C100C60B37 /* RankViewController.swift */ = {isa = PBXFileReference; fileEncoding = 4; lastKnownFileType = sourcecode.swift; path = RankViewController.swift; sourceTree = "<group>"; };
		C0A892C027B8E0C100C60B37 /* RootTabViewController.swift */ = {isa = PBXFileReference; fileEncoding = 4; lastKnownFileType = sourcecode.swift; path = RootTabViewController.swift; sourceTree = "<group>"; };
		C0A892C327B8E0C200C60B37 /* MessagesBar.swift */ = {isa = PBXFileReference; fileEncoding = 4; lastKnownFileType = sourcecode.swift; path = MessagesBar.swift; sourceTree = "<group>"; };
		C0A892C527B8E0C200C60B37 /* MainBarLayout.swift */ = {isa = PBXFileReference; fileEncoding = 4; lastKnownFileType = sourcecode.swift; path = MainBarLayout.swift; sourceTree = "<group>"; };
		C0A892C627B8E0C200C60B37 /* MainBarButtonContainer.swift */ = {isa = PBXFileReference; fileEncoding = 4; lastKnownFileType = sourcecode.swift; path = MainBarButtonContainer.swift; sourceTree = "<group>"; };
		C0A892C727B8E0C200C60B37 /* MainBarButton.swift */ = {isa = PBXFileReference; fileEncoding = 4; lastKnownFileType = sourcecode.swift; path = MainBarButton.swift; sourceTree = "<group>"; };
		C0A892C827B8E0C200C60B37 /* MainBar.swift */ = {isa = PBXFileReference; fileEncoding = 4; lastKnownFileType = sourcecode.swift; path = MainBar.swift; sourceTree = "<group>"; };
		C0A892CA27B8E0C200C60B37 /* UIColor+Interpolation.swift */ = {isa = PBXFileReference; fileEncoding = 4; lastKnownFileType = sourcecode.swift; path = "UIColor+Interpolation.swift"; sourceTree = "<group>"; };
		C0A892DF27B8E0D300C60B37 /* MainColors.swift */ = {isa = PBXFileReference; fileEncoding = 4; lastKnownFileType = sourcecode.swift; path = MainColors.swift; sourceTree = "<group>"; };
		C0ED7AD827BA2C210055BD71 /* HomeTableViewCell.swift */ = {isa = PBXFileReference; lastKnownFileType = sourcecode.swift; path = HomeTableViewCell.swift; sourceTree = "<group>"; };
		C0ED7ADC27BA2CB60055BD71 /* TaskViewModel.swift */ = {isa = PBXFileReference; lastKnownFileType = sourcecode.swift; path = TaskViewModel.swift; sourceTree = "<group>"; };
/* End PBXFileReference section */

/* Begin PBXFrameworksBuildPhase section */
		C0A8925E27B8D0B800C60B37 /* Frameworks */ = {
			isa = PBXFrameworksBuildPhase;
			buildActionMask = 2147483647;
			files = (
				C0A892AA27B8D3E000C60B37 /* Alamofire in Frameworks */,
				C0A892AD27B8DFFB00C60B37 /* Tabman in Frameworks */,
			);
			runOnlyForDeploymentPostprocessing = 0;
		};
		C0A8927427B8D0BB00C60B37 /* Frameworks */ = {
			isa = PBXFrameworksBuildPhase;
			buildActionMask = 2147483647;
			files = (
			);
			runOnlyForDeploymentPostprocessing = 0;
		};
		C0A8927E27B8D0BB00C60B37 /* Frameworks */ = {
			isa = PBXFrameworksBuildPhase;
			buildActionMask = 2147483647;
			files = (
			);
			runOnlyForDeploymentPostprocessing = 0;
		};
/* End PBXFrameworksBuildPhase section */

/* Begin PBXGroup section */
		C0A8925827B8D0B800C60B37 = {
			isa = PBXGroup;
			children = (
				C0A8926327B8D0B800C60B37 /* HouseWorkRace */,
				C0A8927A27B8D0BB00C60B37 /* HouseWorkRaceTests */,
				C0A8928427B8D0BB00C60B37 /* HouseWorkRaceUITests */,
				C0A8926227B8D0B800C60B37 /* Products */,
			);
			sourceTree = "<group>";
		};
		C0A8926227B8D0B800C60B37 /* Products */ = {
			isa = PBXGroup;
			children = (
				C0A8926127B8D0B800C60B37 /* HouseWorkRace.app */,
				C0A8927727B8D0BB00C60B37 /* HouseWorkRaceTests.xctest */,
				C0A8928127B8D0BB00C60B37 /* HouseWorkRaceUITests.xctest */,
			);
			name = Products;
			sourceTree = "<group>";
		};
		C0A8926327B8D0B800C60B37 /* HouseWorkRace */ = {
			isa = PBXGroup;
			children = (
				C0A892DF27B8E0D300C60B37 /* MainColors.swift */,
				C0A8929427B8D2D300C60B37 /* Configuration */,
				C0A892A427B8D35800C60B37 /* Source */,
				C0A8926427B8D0B800C60B37 /* AppDelegate.swift */,
				C0A8926627B8D0B800C60B37 /* SceneDelegate.swift */,
				C0A8926D27B8D0BB00C60B37 /* Assets.xcassets */,
				C0A8926F27B8D0BB00C60B37 /* LaunchScreen.storyboard */,
				C0A8927227B8D0BB00C60B37 /* Info.plist */,
			);
			path = HouseWorkRace;
			sourceTree = "<group>";
		};
		C0A8927A27B8D0BB00C60B37 /* HouseWorkRaceTests */ = {
			isa = PBXGroup;
			children = (
				C0A8927B27B8D0BB00C60B37 /* HouseWorkRaceTests.swift */,
			);
			path = HouseWorkRaceTests;
			sourceTree = "<group>";
		};
		C0A8928427B8D0BB00C60B37 /* HouseWorkRaceUITests */ = {
			isa = PBXGroup;
			children = (
				C0A8928527B8D0BB00C60B37 /* HouseWorkRaceUITests.swift */,
				C0A8928727B8D0BB00C60B37 /* HouseWorkRaceUITestsLaunchTests.swift */,
			);
			path = HouseWorkRaceUITests;
			sourceTree = "<group>";
		};
		C0A8929427B8D2D300C60B37 /* Configuration */ = {
			isa = PBXGroup;
			children = (
				C0A8929527B8D2D300C60B37 /* Constant.swift */,
				C0A8929627B8D2D300C60B37 /* Secret */,
				C0A8929827B8D2D300C60B37 /* Font */,
				C0A8929C27B8D2D300C60B37 /* Base */,
			);
			path = Configuration;
			sourceTree = "<group>";
		};
		C0A8929627B8D2D300C60B37 /* Secret */ = {
			isa = PBXGroup;
			children = (
				C0A8929727B8D2D300C60B37 /* Secret.swift */,
			);
			path = Secret;
			sourceTree = "<group>";
		};
		C0A8929827B8D2D300C60B37 /* Font */ = {
			isa = PBXGroup;
			children = (
				C0A8929927B8D2D300C60B37 /* NotoSansCJKkr-Medium.otf */,
				C0A8929A27B8D2D300C60B37 /* NotoSansCJKkr-Regular.otf */,
				C0A8929B27B8D2D300C60B37 /* NotoSansCJKkr-Bold.otf */,
			);
			path = Font;
			sourceTree = "<group>";
		};
		C0A8929C27B8D2D300C60B37 /* Base */ = {
			isa = PBXGroup;
			children = (
				C0A8929D27B8D2D300C60B37 /* BaseViewController.swift */,
			);
			path = Base;
			sourceTree = "<group>";
		};
		C0A892A427B8D35800C60B37 /* Source */ = {
			isa = PBXGroup;
			children = (
				C0A892C127B8E0C200C60B37 /* Bars */,
				C0A892AE27B8E0C100C60B37 /* Root.storyboard */,
				C0A892C027B8E0C100C60B37 /* RootTabViewController.swift */,
				C0A892C927B8E0C200C60B37 /* Utilities */,
				C0A892AF27B8E0C100C60B37 /* ViewControllers */,
			);
			path = Source;
			sourceTree = "<group>";
		};
		C0A892AF27B8E0C100C60B37 /* ViewControllers */ = {
			isa = PBXGroup;
			children = (
				C0A892BD27B8E0C100C60B37 /* Rank */,
				C0A892BA27B8E0C100C60B37 /* Home */,
				C0A892B027B8E0C100C60B37 /* Messages */,
			);
			path = ViewControllers;
			sourceTree = "<group>";
		};
		C0A892B027B8E0C100C60B37 /* Messages */ = {
			isa = PBXGroup;
			children = (
				C0A892B127B8E0C100C60B37 /* Messages.storyboard */,
				C0A892B227B8E0C100C60B37 /* MessagesFeedViewController.swift */,
				C0A892B327B8E0C100C60B37 /* MessagesViewController.swift */,
				C0A892B427B8E0C100C60B37 /* MessagesTabViewController.swift */,
				C0A892B527B8E0C100C60B37 /* Views */,
			);
			path = Messages;
			sourceTree = "<group>";
		};
		C0A892B527B8E0C100C60B37 /* Views */ = {
			isa = PBXGroup;
			children = (
				C0A892B627B8E0C100C60B37 /* MessagesFeedCell.swift */,
				C0A892B727B8E0C100C60B37 /* MessagesFeedCell.xib */,
				C0A892B827B8E0C100C60B37 /* MessagesMessageCell.swift */,
				C0A892B927B8E0C100C60B37 /* MessagesMessageCell.xib */,
			);
			path = Views;
			sourceTree = "<group>";
		};
		C0A892BA27B8E0C100C60B37 /* Home */ = {
			isa = PBXGroup;
			children = (
				C0A892BB27B8E0C100C60B37 /* HomeViewController.swift */,
				C0ED7ADC27BA2CB60055BD71 /* TaskViewModel.swift */,
				C0A892BC27B8E0C100C60B37 /* Home.storyboard */,
				C0ED7AD827BA2C210055BD71 /* HomeTableViewCell.swift */,
			);
			path = Home;
			sourceTree = "<group>";
		};
		C0A892BD27B8E0C100C60B37 /* Rank */ = {
			isa = PBXGroup;
			children = (
				C0A892BE27B8E0C100C60B37 /* Rank.storyboard */,
				C0A892BF27B8E0C100C60B37 /* RankViewController.swift */,
			);
			path = Rank;
			sourceTree = "<group>";
		};
		C0A892C127B8E0C200C60B37 /* Bars */ = {
			isa = PBXGroup;
			children = (
				C0A892C227B8E0C200C60B37 /* MessagesBar */,
				C0A892C427B8E0C200C60B37 /* TinderBar */,
			);
			path = Bars;
			sourceTree = "<group>";
		};
		C0A892C227B8E0C200C60B37 /* MessagesBar */ = {
			isa = PBXGroup;
			children = (
				C0A892C327B8E0C200C60B37 /* MessagesBar.swift */,
			);
			path = MessagesBar;
			sourceTree = "<group>";
		};
		C0A892C427B8E0C200C60B37 /* TinderBar */ = {
			isa = PBXGroup;
			children = (
				C0A892C527B8E0C200C60B37 /* MainBarLayout.swift */,
				C0A892C627B8E0C200C60B37 /* MainBarButtonContainer.swift */,
				C0A892C727B8E0C200C60B37 /* MainBarButton.swift */,
				C0A892C827B8E0C200C60B37 /* MainBar.swift */,
			);
			path = TinderBar;
			sourceTree = "<group>";
		};
		C0A892C927B8E0C200C60B37 /* Utilities */ = {
			isa = PBXGroup;
			children = (
				C0A892CA27B8E0C200C60B37 /* UIColor+Interpolation.swift */,
			);
			path = Utilities;
			sourceTree = "<group>";
		};
/* End PBXGroup section */

/* Begin PBXNativeTarget section */
		C0A8926027B8D0B800C60B37 /* HouseWorkRace */ = {
			isa = PBXNativeTarget;
			buildConfigurationList = C0A8928B27B8D0BB00C60B37 /* Build configuration list for PBXNativeTarget "HouseWorkRace" */;
			buildPhases = (
				C0A8925D27B8D0B800C60B37 /* Sources */,
				C0A8925E27B8D0B800C60B37 /* Frameworks */,
				C0A8925F27B8D0B800C60B37 /* Resources */,
			);
			buildRules = (
			);
			dependencies = (
			);
			name = HouseWorkRace;
			packageProductDependencies = (
				C0A892A927B8D3E000C60B37 /* Alamofire */,
				C0A892AC27B8DFFB00C60B37 /* Tabman */,
			);
			productName = HouseWorkRace;
			productReference = C0A8926127B8D0B800C60B37 /* HouseWorkRace.app */;
			productType = "com.apple.product-type.application";
		};
		C0A8927627B8D0BB00C60B37 /* HouseWorkRaceTests */ = {
			isa = PBXNativeTarget;
			buildConfigurationList = C0A8928E27B8D0BB00C60B37 /* Build configuration list for PBXNativeTarget "HouseWorkRaceTests" */;
			buildPhases = (
				C0A8927327B8D0BB00C60B37 /* Sources */,
				C0A8927427B8D0BB00C60B37 /* Frameworks */,
				C0A8927527B8D0BB00C60B37 /* Resources */,
			);
			buildRules = (
			);
			dependencies = (
				C0A8927927B8D0BB00C60B37 /* PBXTargetDependency */,
			);
			name = HouseWorkRaceTests;
			productName = HouseWorkRaceTests;
			productReference = C0A8927727B8D0BB00C60B37 /* HouseWorkRaceTests.xctest */;
			productType = "com.apple.product-type.bundle.unit-test";
		};
		C0A8928027B8D0BB00C60B37 /* HouseWorkRaceUITests */ = {
			isa = PBXNativeTarget;
			buildConfigurationList = C0A8929127B8D0BB00C60B37 /* Build configuration list for PBXNativeTarget "HouseWorkRaceUITests" */;
			buildPhases = (
				C0A8927D27B8D0BB00C60B37 /* Sources */,
				C0A8927E27B8D0BB00C60B37 /* Frameworks */,
				C0A8927F27B8D0BB00C60B37 /* Resources */,
			);
			buildRules = (
			);
			dependencies = (
				C0A8928327B8D0BB00C60B37 /* PBXTargetDependency */,
			);
			name = HouseWorkRaceUITests;
			productName = HouseWorkRaceUITests;
			productReference = C0A8928127B8D0BB00C60B37 /* HouseWorkRaceUITests.xctest */;
			productType = "com.apple.product-type.bundle.ui-testing";
		};
/* End PBXNativeTarget section */

/* Begin PBXProject section */
		C0A8925927B8D0B800C60B37 /* Project object */ = {
			isa = PBXProject;
			attributes = {
				BuildIndependentTargetsInParallel = 1;
				LastSwiftUpdateCheck = 1310;
				LastUpgradeCheck = 1310;
				TargetAttributes = {
					C0A8926027B8D0B800C60B37 = {
						CreatedOnToolsVersion = 13.1;
					};
					C0A8927627B8D0BB00C60B37 = {
						CreatedOnToolsVersion = 13.1;
						TestTargetID = C0A8926027B8D0B800C60B37;
					};
					C0A8928027B8D0BB00C60B37 = {
						CreatedOnToolsVersion = 13.1;
						TestTargetID = C0A8926027B8D0B800C60B37;
					};
				};
			};
			buildConfigurationList = C0A8925C27B8D0B800C60B37 /* Build configuration list for PBXProject "HouseWorkRace" */;
			compatibilityVersion = "Xcode 13.0";
			developmentRegion = en;
			hasScannedForEncodings = 0;
			knownRegions = (
				en,
				Base,
			);
			mainGroup = C0A8925827B8D0B800C60B37;
			packageReferences = (
				C0A892A827B8D3E000C60B37 /* XCRemoteSwiftPackageReference "Alamofire" */,
				C0A892AB27B8DFFB00C60B37 /* XCRemoteSwiftPackageReference "Tabman" */,
			);
			productRefGroup = C0A8926227B8D0B800C60B37 /* Products */;
			projectDirPath = "";
			projectRoot = "";
			targets = (
				C0A8926027B8D0B800C60B37 /* HouseWorkRace */,
				C0A8927627B8D0BB00C60B37 /* HouseWorkRaceTests */,
				C0A8928027B8D0BB00C60B37 /* HouseWorkRaceUITests */,
			);
		};
/* End PBXProject section */

/* Begin PBXResourcesBuildPhase section */
		C0A8925F27B8D0B800C60B37 /* Resources */ = {
			isa = PBXResourcesBuildPhase;
			buildActionMask = 2147483647;
			files = (
				C0A892A127B8D2D300C60B37 /* NotoSansCJKkr-Regular.otf in Resources */,
				C0A8927127B8D0BB00C60B37 /* LaunchScreen.storyboard in Resources */,
				C0A892CC27B8E0C200C60B37 /* Messages.storyboard in Resources */,
				C0A8926E27B8D0BB00C60B37 /* Assets.xcassets in Resources */,
				C0A892D327B8E0C200C60B37 /* MessagesMessageCell.xib in Resources */,
				C0A892D627B8E0C200C60B37 /* Rank.storyboard in Resources */,
				C0A892CB27B8E0C200C60B37 /* Root.storyboard in Resources */,
				C0A892D527B8E0C200C60B37 /* Home.storyboard in Resources */,
				C0A892A027B8D2D300C60B37 /* NotoSansCJKkr-Medium.otf in Resources */,
				C0A892A227B8D2D300C60B37 /* NotoSansCJKkr-Bold.otf in Resources */,
				C0A892D127B8E0C200C60B37 /* MessagesFeedCell.xib in Resources */,
			);
			runOnlyForDeploymentPostprocessing = 0;
		};
		C0A8927527B8D0BB00C60B37 /* Resources */ = {
			isa = PBXResourcesBuildPhase;
			buildActionMask = 2147483647;
			files = (
			);
			runOnlyForDeploymentPostprocessing = 0;
		};
		C0A8927F27B8D0BB00C60B37 /* Resources */ = {
			isa = PBXResourcesBuildPhase;
			buildActionMask = 2147483647;
			files = (
			);
			runOnlyForDeploymentPostprocessing = 0;
		};
/* End PBXResourcesBuildPhase section */

/* Begin PBXSourcesBuildPhase section */
		C0A8925D27B8D0B800C60B37 /* Sources */ = {
			isa = PBXSourcesBuildPhase;
			buildActionMask = 2147483647;
			files = (
				C0A892CF27B8E0C200C60B37 /* MessagesTabViewController.swift in Sources */,
				C0A892D027B8E0C200C60B37 /* MessagesFeedCell.swift in Sources */,
				C0A892D827B8E0C200C60B37 /* RootTabViewController.swift in Sources */,
				C0A892DD27B8E0C200C60B37 /* MainBar.swift in Sources */,
				C0A892CD27B8E0C200C60B37 /* MessagesFeedViewController.swift in Sources */,
				C0A8929F27B8D2D300C60B37 /* Secret.swift in Sources */,
				C0A892E027B8E0D300C60B37 /* MainColors.swift in Sources */,
				C0A892DE27B8E0C200C60B37 /* UIColor+Interpolation.swift in Sources */,
				C0A8926527B8D0B800C60B37 /* AppDelegate.swift in Sources */,
				C0ED7AD927BA2C210055BD71 /* HomeTableViewCell.swift in Sources */,
				C0A8926727B8D0B800C60B37 /* SceneDelegate.swift in Sources */,
				C0ED7ADD27BA2CB60055BD71 /* TaskViewModel.swift in Sources */,
				C0A892D427B8E0C200C60B37 /* HomeViewController.swift in Sources */,
				C0A892DB27B8E0C200C60B37 /* MainBarButtonContainer.swift in Sources */,
				C0A8929E27B8D2D300C60B37 /* Constant.swift in Sources */,
				C0A892DA27B8E0C200C60B37 /* MainBarLayout.swift in Sources */,
				C0A892D227B8E0C200C60B37 /* MessagesMessageCell.swift in Sources */,
				C0A892DC27B8E0C200C60B37 /* MainBarButton.swift in Sources */,
				C0A892D727B8E0C200C60B37 /* RankViewController.swift in Sources */,
				C0A892CE27B8E0C200C60B37 /* MessagesViewController.swift in Sources */,
				C0A892D927B8E0C200C60B37 /* MessagesBar.swift in Sources */,
				C0A892A327B8D2D300C60B37 /* BaseViewController.swift in Sources */,
			);
			runOnlyForDeploymentPostprocessing = 0;
		};
		C0A8927327B8D0BB00C60B37 /* Sources */ = {
			isa = PBXSourcesBuildPhase;
			buildActionMask = 2147483647;
			files = (
				C0A8927C27B8D0BB00C60B37 /* HouseWorkRaceTests.swift in Sources */,
			);
			runOnlyForDeploymentPostprocessing = 0;
		};
		C0A8927D27B8D0BB00C60B37 /* Sources */ = {
			isa = PBXSourcesBuildPhase;
			buildActionMask = 2147483647;
			files = (
				C0A8928627B8D0BB00C60B37 /* HouseWorkRaceUITests.swift in Sources */,
				C0A8928827B8D0BB00C60B37 /* HouseWorkRaceUITestsLaunchTests.swift in Sources */,
			);
			runOnlyForDeploymentPostprocessing = 0;
		};
/* End PBXSourcesBuildPhase section */

/* Begin PBXTargetDependency section */
		C0A8927927B8D0BB00C60B37 /* PBXTargetDependency */ = {
			isa = PBXTargetDependency;
			target = C0A8926027B8D0B800C60B37 /* HouseWorkRace */;
			targetProxy = C0A8927827B8D0BB00C60B37 /* PBXContainerItemProxy */;
		};
		C0A8928327B8D0BB00C60B37 /* PBXTargetDependency */ = {
			isa = PBXTargetDependency;
			target = C0A8926027B8D0B800C60B37 /* HouseWorkRace */;
			targetProxy = C0A8928227B8D0BB00C60B37 /* PBXContainerItemProxy */;
		};
/* End PBXTargetDependency section */

/* Begin PBXVariantGroup section */
		C0A8926F27B8D0BB00C60B37 /* LaunchScreen.storyboard */ = {
			isa = PBXVariantGroup;
			children = (
				C0A8927027B8D0BB00C60B37 /* Base */,
			);
			name = LaunchScreen.storyboard;
			sourceTree = "<group>";
		};
/* End PBXVariantGroup section */

/* Begin XCBuildConfiguration section */
		C0A8928927B8D0BB00C60B37 /* Debug */ = {
			isa = XCBuildConfiguration;
			buildSettings = {
				ALWAYS_SEARCH_USER_PATHS = NO;
				CLANG_ANALYZER_NONNULL = YES;
				CLANG_ANALYZER_NUMBER_OBJECT_CONVERSION = YES_AGGRESSIVE;
				CLANG_CXX_LANGUAGE_STANDARD = "gnu++17";
				CLANG_CXX_LIBRARY = "libc++";
				CLANG_ENABLE_MODULES = YES;
				CLANG_ENABLE_OBJC_ARC = YES;
				CLANG_ENABLE_OBJC_WEAK = YES;
				CLANG_WARN_BLOCK_CAPTURE_AUTORELEASING = YES;
				CLANG_WARN_BOOL_CONVERSION = YES;
				CLANG_WARN_COMMA = YES;
				CLANG_WARN_CONSTANT_CONVERSION = YES;
				CLANG_WARN_DEPRECATED_OBJC_IMPLEMENTATIONS = YES;
				CLANG_WARN_DIRECT_OBJC_ISA_USAGE = YES_ERROR;
				CLANG_WARN_DOCUMENTATION_COMMENTS = YES;
				CLANG_WARN_EMPTY_BODY = YES;
				CLANG_WARN_ENUM_CONVERSION = YES;
				CLANG_WARN_INFINITE_RECURSION = YES;
				CLANG_WARN_INT_CONVERSION = YES;
				CLANG_WARN_NON_LITERAL_NULL_CONVERSION = YES;
				CLANG_WARN_OBJC_IMPLICIT_RETAIN_SELF = YES;
				CLANG_WARN_OBJC_LITERAL_CONVERSION = YES;
				CLANG_WARN_OBJC_ROOT_CLASS = YES_ERROR;
				CLANG_WARN_QUOTED_INCLUDE_IN_FRAMEWORK_HEADER = YES;
				CLANG_WARN_RANGE_LOOP_ANALYSIS = YES;
				CLANG_WARN_STRICT_PROTOTYPES = YES;
				CLANG_WARN_SUSPICIOUS_MOVE = YES;
				CLANG_WARN_UNGUARDED_AVAILABILITY = YES_AGGRESSIVE;
				CLANG_WARN_UNREACHABLE_CODE = YES;
				CLANG_WARN__DUPLICATE_METHOD_MATCH = YES;
				COPY_PHASE_STRIP = NO;
				DEBUG_INFORMATION_FORMAT = dwarf;
				ENABLE_STRICT_OBJC_MSGSEND = YES;
				ENABLE_TESTABILITY = YES;
				GCC_C_LANGUAGE_STANDARD = gnu11;
				GCC_DYNAMIC_NO_PIC = NO;
				GCC_NO_COMMON_BLOCKS = YES;
				GCC_OPTIMIZATION_LEVEL = 0;
				GCC_PREPROCESSOR_DEFINITIONS = (
					"DEBUG=1",
					"$(inherited)",
				);
				GCC_WARN_64_TO_32_BIT_CONVERSION = YES;
				GCC_WARN_ABOUT_RETURN_TYPE = YES_ERROR;
				GCC_WARN_UNDECLARED_SELECTOR = YES;
				GCC_WARN_UNINITIALIZED_AUTOS = YES_AGGRESSIVE;
				GCC_WARN_UNUSED_FUNCTION = YES;
				GCC_WARN_UNUSED_VARIABLE = YES;
				IPHONEOS_DEPLOYMENT_TARGET = 15.0;
				MTL_ENABLE_DEBUG_INFO = INCLUDE_SOURCE;
				MTL_FAST_MATH = YES;
				ONLY_ACTIVE_ARCH = YES;
				SDKROOT = iphoneos;
				SWIFT_ACTIVE_COMPILATION_CONDITIONS = DEBUG;
				SWIFT_OPTIMIZATION_LEVEL = "-Onone";
			};
			name = Debug;
		};
		C0A8928A27B8D0BB00C60B37 /* Release */ = {
			isa = XCBuildConfiguration;
			buildSettings = {
				ALWAYS_SEARCH_USER_PATHS = NO;
				CLANG_ANALYZER_NONNULL = YES;
				CLANG_ANALYZER_NUMBER_OBJECT_CONVERSION = YES_AGGRESSIVE;
				CLANG_CXX_LANGUAGE_STANDARD = "gnu++17";
				CLANG_CXX_LIBRARY = "libc++";
				CLANG_ENABLE_MODULES = YES;
				CLANG_ENABLE_OBJC_ARC = YES;
				CLANG_ENABLE_OBJC_WEAK = YES;
				CLANG_WARN_BLOCK_CAPTURE_AUTORELEASING = YES;
				CLANG_WARN_BOOL_CONVERSION = YES;
				CLANG_WARN_COMMA = YES;
				CLANG_WARN_CONSTANT_CONVERSION = YES;
				CLANG_WARN_DEPRECATED_OBJC_IMPLEMENTATIONS = YES;
				CLANG_WARN_DIRECT_OBJC_ISA_USAGE = YES_ERROR;
				CLANG_WARN_DOCUMENTATION_COMMENTS = YES;
				CLANG_WARN_EMPTY_BODY = YES;
				CLANG_WARN_ENUM_CONVERSION = YES;
				CLANG_WARN_INFINITE_RECURSION = YES;
				CLANG_WARN_INT_CONVERSION = YES;
				CLANG_WARN_NON_LITERAL_NULL_CONVERSION = YES;
				CLANG_WARN_OBJC_IMPLICIT_RETAIN_SELF = YES;
				CLANG_WARN_OBJC_LITERAL_CONVERSION = YES;
				CLANG_WARN_OBJC_ROOT_CLASS = YES_ERROR;
				CLANG_WARN_QUOTED_INCLUDE_IN_FRAMEWORK_HEADER = YES;
				CLANG_WARN_RANGE_LOOP_ANALYSIS = YES;
				CLANG_WARN_STRICT_PROTOTYPES = YES;
				CLANG_WARN_SUSPICIOUS_MOVE = YES;
				CLANG_WARN_UNGUARDED_AVAILABILITY = YES_AGGRESSIVE;
				CLANG_WARN_UNREACHABLE_CODE = YES;
				CLANG_WARN__DUPLICATE_METHOD_MATCH = YES;
				COPY_PHASE_STRIP = NO;
				DEBUG_INFORMATION_FORMAT = "dwarf-with-dsym";
				ENABLE_NS_ASSERTIONS = NO;
				ENABLE_STRICT_OBJC_MSGSEND = YES;
				GCC_C_LANGUAGE_STANDARD = gnu11;
				GCC_NO_COMMON_BLOCKS = YES;
				GCC_WARN_64_TO_32_BIT_CONVERSION = YES;
				GCC_WARN_ABOUT_RETURN_TYPE = YES_ERROR;
				GCC_WARN_UNDECLARED_SELECTOR = YES;
				GCC_WARN_UNINITIALIZED_AUTOS = YES_AGGRESSIVE;
				GCC_WARN_UNUSED_FUNCTION = YES;
				GCC_WARN_UNUSED_VARIABLE = YES;
				IPHONEOS_DEPLOYMENT_TARGET = 15.0;
				MTL_ENABLE_DEBUG_INFO = NO;
				MTL_FAST_MATH = YES;
				SDKROOT = iphoneos;
				SWIFT_COMPILATION_MODE = wholemodule;
				SWIFT_OPTIMIZATION_LEVEL = "-O";
				VALIDATE_PRODUCT = YES;
			};
			name = Release;
		};
		C0A8928C27B8D0BB00C60B37 /* Debug */ = {
			isa = XCBuildConfiguration;
			buildSettings = {
				ASSETCATALOG_COMPILER_APPICON_NAME = AppIcon;
				ASSETCATALOG_COMPILER_GLOBAL_ACCENT_COLOR_NAME = AccentColor;
				CODE_SIGN_STYLE = Automatic;
				CURRENT_PROJECT_VERSION = 1;
				DEVELOPMENT_TEAM = 4DC5UF7YA9;
				GENERATE_INFOPLIST_FILE = YES;
				INFOPLIST_FILE = HouseWorkRace/Info.plist;
				INFOPLIST_KEY_UIApplicationSupportsIndirectInputEvents = YES;
				INFOPLIST_KEY_UILaunchStoryboardName = LaunchScreen;
				INFOPLIST_KEY_UIMainStoryboardFile = Root;
				INFOPLIST_KEY_UISupportedInterfaceOrientations_iPad = "UIInterfaceOrientationPortrait UIInterfaceOrientationPortraitUpsideDown UIInterfaceOrientationLandscapeLeft UIInterfaceOrientationLandscapeRight";
				INFOPLIST_KEY_UISupportedInterfaceOrientations_iPhone = "UIInterfaceOrientationPortrait UIInterfaceOrientationLandscapeLeft UIInterfaceOrientationLandscapeRight";
				IPHONEOS_DEPLOYMENT_TARGET = 13.0;
				LD_RUNPATH_SEARCH_PATHS = (
					"$(inherited)",
					"@executable_path/Frameworks",
				);
				MARKETING_VERSION = 1.0;
				PRODUCT_BUNDLE_IDENTIFIER = com.gongtae.HouseWorkRace;
				PRODUCT_NAME = "$(TARGET_NAME)";
				SWIFT_EMIT_LOC_STRINGS = YES;
				SWIFT_VERSION = 5.0;
				TARGETED_DEVICE_FAMILY = "1,2";
			};
			name = Debug;
		};
		C0A8928D27B8D0BB00C60B37 /* Release */ = {
			isa = XCBuildConfiguration;
			buildSettings = {
				ASSETCATALOG_COMPILER_APPICON_NAME = AppIcon;
				ASSETCATALOG_COMPILER_GLOBAL_ACCENT_COLOR_NAME = AccentColor;
				CODE_SIGN_STYLE = Automatic;
				CURRENT_PROJECT_VERSION = 1;
				DEVELOPMENT_TEAM = 4DC5UF7YA9;
				GENERATE_INFOPLIST_FILE = YES;
				INFOPLIST_FILE = HouseWorkRace/Info.plist;
				INFOPLIST_KEY_UIApplicationSupportsIndirectInputEvents = YES;
				INFOPLIST_KEY_UILaunchStoryboardName = LaunchScreen;
				INFOPLIST_KEY_UIMainStoryboardFile = Root;
				INFOPLIST_KEY_UISupportedInterfaceOrientations_iPad = "UIInterfaceOrientationPortrait UIInterfaceOrientationPortraitUpsideDown UIInterfaceOrientationLandscapeLeft UIInterfaceOrientationLandscapeRight";
				INFOPLIST_KEY_UISupportedInterfaceOrientations_iPhone = "UIInterfaceOrientationPortrait UIInterfaceOrientationLandscapeLeft UIInterfaceOrientationLandscapeRight";
				IPHONEOS_DEPLOYMENT_TARGET = 13.0;
				LD_RUNPATH_SEARCH_PATHS = (
					"$(inherited)",
					"@executable_path/Frameworks",
				);
				MARKETING_VERSION = 1.0;
				PRODUCT_BUNDLE_IDENTIFIER = com.gongtae.HouseWorkRace;
				PRODUCT_NAME = "$(TARGET_NAME)";
				SWIFT_EMIT_LOC_STRINGS = YES;
				SWIFT_VERSION = 5.0;
				TARGETED_DEVICE_FAMILY = "1,2";
			};
			name = Release;
		};
		C0A8928F27B8D0BB00C60B37 /* Debug */ = {
			isa = XCBuildConfiguration;
			buildSettings = {
				ALWAYS_EMBED_SWIFT_STANDARD_LIBRARIES = YES;
				BUNDLE_LOADER = "$(TEST_HOST)";
				CODE_SIGN_STYLE = Automatic;
				CURRENT_PROJECT_VERSION = 1;
				DEVELOPMENT_TEAM = 4DC5UF7YA9;
				GENERATE_INFOPLIST_FILE = YES;
				IPHONEOS_DEPLOYMENT_TARGET = 15.0;
				LD_RUNPATH_SEARCH_PATHS = (
					"$(inherited)",
					"@executable_path/Frameworks",
					"@loader_path/Frameworks",
				);
				MARKETING_VERSION = 1.0;
				PRODUCT_BUNDLE_IDENTIFIER = com.gongtae.HouseWorkRaceTests;
				PRODUCT_NAME = "$(TARGET_NAME)";
				SWIFT_EMIT_LOC_STRINGS = NO;
				SWIFT_VERSION = 5.0;
				TARGETED_DEVICE_FAMILY = "1,2";
				TEST_HOST = "$(BUILT_PRODUCTS_DIR)/HouseWorkRace.app/HouseWorkRace";
			};
			name = Debug;
		};
		C0A8929027B8D0BB00C60B37 /* Release */ = {
			isa = XCBuildConfiguration;
			buildSettings = {
				ALWAYS_EMBED_SWIFT_STANDARD_LIBRARIES = YES;
				BUNDLE_LOADER = "$(TEST_HOST)";
				CODE_SIGN_STYLE = Automatic;
				CURRENT_PROJECT_VERSION = 1;
				DEVELOPMENT_TEAM = 4DC5UF7YA9;
				GENERATE_INFOPLIST_FILE = YES;
				IPHONEOS_DEPLOYMENT_TARGET = 15.0;
				LD_RUNPATH_SEARCH_PATHS = (
					"$(inherited)",
					"@executable_path/Frameworks",
					"@loader_path/Frameworks",
				);
				MARKETING_VERSION = 1.0;
				PRODUCT_BUNDLE_IDENTIFIER = com.gongtae.HouseWorkRaceTests;
				PRODUCT_NAME = "$(TARGET_NAME)";
				SWIFT_EMIT_LOC_STRINGS = NO;
				SWIFT_VERSION = 5.0;
				TARGETED_DEVICE_FAMILY = "1,2";
				TEST_HOST = "$(BUILT_PRODUCTS_DIR)/HouseWorkRace.app/HouseWorkRace";
			};
			name = Release;
		};
		C0A8929227B8D0BB00C60B37 /* Debug */ = {
			isa = XCBuildConfiguration;
			buildSettings = {
				ALWAYS_EMBED_SWIFT_STANDARD_LIBRARIES = YES;
				CODE_SIGN_STYLE = Automatic;
				CURRENT_PROJECT_VERSION = 1;
				DEVELOPMENT_TEAM = 4DC5UF7YA9;
				GENERATE_INFOPLIST_FILE = YES;
				LD_RUNPATH_SEARCH_PATHS = (
					"$(inherited)",
					"@executable_path/Frameworks",
					"@loader_path/Frameworks",
				);
				MARKETING_VERSION = 1.0;
				PRODUCT_BUNDLE_IDENTIFIER = com.gongtae.HouseWorkRaceUITests;
				PRODUCT_NAME = "$(TARGET_NAME)";
				SWIFT_EMIT_LOC_STRINGS = NO;
				SWIFT_VERSION = 5.0;
				TARGETED_DEVICE_FAMILY = "1,2";
				TEST_TARGET_NAME = HouseWorkRace;
			};
			name = Debug;
		};
		C0A8929327B8D0BB00C60B37 /* Release */ = {
			isa = XCBuildConfiguration;
			buildSettings = {
				ALWAYS_EMBED_SWIFT_STANDARD_LIBRARIES = YES;
				CODE_SIGN_STYLE = Automatic;
				CURRENT_PROJECT_VERSION = 1;
				DEVELOPMENT_TEAM = 4DC5UF7YA9;
				GENERATE_INFOPLIST_FILE = YES;
				LD_RUNPATH_SEARCH_PATHS = (
					"$(inherited)",
					"@executable_path/Frameworks",
					"@loader_path/Frameworks",
				);
				MARKETING_VERSION = 1.0;
				PRODUCT_BUNDLE_IDENTIFIER = com.gongtae.HouseWorkRaceUITests;
				PRODUCT_NAME = "$(TARGET_NAME)";
				SWIFT_EMIT_LOC_STRINGS = NO;
				SWIFT_VERSION = 5.0;
				TARGETED_DEVICE_FAMILY = "1,2";
				TEST_TARGET_NAME = HouseWorkRace;
			};
			name = Release;
		};
/* End XCBuildConfiguration section */

/* Begin XCConfigurationList section */
		C0A8925C27B8D0B800C60B37 /* Build configuration list for PBXProject "HouseWorkRace" */ = {
			isa = XCConfigurationList;
			buildConfigurations = (
				C0A8928927B8D0BB00C60B37 /* Debug */,
				C0A8928A27B8D0BB00C60B37 /* Release */,
			);
			defaultConfigurationIsVisible = 0;
			defaultConfigurationName = Release;
		};
		C0A8928B27B8D0BB00C60B37 /* Build configuration list for PBXNativeTarget "HouseWorkRace" */ = {
			isa = XCConfigurationList;
			buildConfigurations = (
				C0A8928C27B8D0BB00C60B37 /* Debug */,
				C0A8928D27B8D0BB00C60B37 /* Release */,
			);
			defaultConfigurationIsVisible = 0;
			defaultConfigurationName = Release;
		};
		C0A8928E27B8D0BB00C60B37 /* Build configuration list for PBXNativeTarget "HouseWorkRaceTests" */ = {
			isa = XCConfigurationList;
			buildConfigurations = (
				C0A8928F27B8D0BB00C60B37 /* Debug */,
				C0A8929027B8D0BB00C60B37 /* Release */,
			);
			defaultConfigurationIsVisible = 0;
			defaultConfigurationName = Release;
		};
		C0A8929127B8D0BB00C60B37 /* Build configuration list for PBXNativeTarget "HouseWorkRaceUITests" */ = {
			isa = XCConfigurationList;
			buildConfigurations = (
				C0A8929227B8D0BB00C60B37 /* Debug */,
				C0A8929327B8D0BB00C60B37 /* Release */,
			);
			defaultConfigurationIsVisible = 0;
			defaultConfigurationName = Release;
		};
/* End XCConfigurationList section */

/* Begin XCRemoteSwiftPackageReference section */
		C0A892A827B8D3E000C60B37 /* XCRemoteSwiftPackageReference "Alamofire" */ = {
			isa = XCRemoteSwiftPackageReference;
			repositoryURL = "https://github.com/Alamofire/Alamofire.git";
			requirement = {
				branch = master;
				kind = branch;
			};
		};
		C0A892AB27B8DFFB00C60B37 /* XCRemoteSwiftPackageReference "Tabman" */ = {
			isa = XCRemoteSwiftPackageReference;
			repositoryURL = "https://github.com/uias/Tabman.git";
			requirement = {
				branch = main;
				kind = branch;
			};
		};
/* End XCRemoteSwiftPackageReference section */

/* Begin XCSwiftPackageProductDependency section */
		C0A892A927B8D3E000C60B37 /* Alamofire */ = {
			isa = XCSwiftPackageProductDependency;
			package = C0A892A827B8D3E000C60B37 /* XCRemoteSwiftPackageReference "Alamofire" */;
			productName = Alamofire;
		};
		C0A892AC27B8DFFB00C60B37 /* Tabman */ = {
			isa = XCSwiftPackageProductDependency;
			package = C0A892AB27B8DFFB00C60B37 /* XCRemoteSwiftPackageReference "Tabman" */;
			productName = Tabman;
		};
/* End XCSwiftPackageProductDependency section */
	};
	rootObject = C0A8925927B8D0B800C60B37 /* Project object */;
}
